{
  "name": "js-encoding-performance",
  "version": "1.0.0",
  "lockfileVersion": 1,
  "requires": true,
  "dependencies": {
    "arraybuffer-to-string": {
      "version": "1.0.2",
      "resolved": "http://r.cnpmjs.org/arraybuffer-to-string/download/arraybuffer-to-string-1.0.2.tgz",
      "integrity": "sha1-w3Oqe7DmhE2aK8llTIiJqVcKJuI="
    },
    "atob-lite": {
      "version": "2.0.0",
      "resolved": "http://r.cnpmjs.org/atob-lite/download/atob-lite-2.0.0.tgz",
      "integrity": "sha1-D+9a1G8b16hQLGVyfwNn1e5D1pY="
    },
    "is-base64": {
      "version": "0.1.0",
      "resolved": "http://r.cnpmjs.org/is-base64/download/is-base64-0.1.0.tgz",
      "integrity": "sha1-pvIGEMbvSGOlHLoyvAIiVEuTJiI="
    },
    "js-base64": {
      "version": "2.5.2",
      "resolved": "http://r.cnpmjs.org/js-base64/download/js-base64-2.5.2.tgz",
      "integrity": "sha1-MTtidN2nGPcU0AszMLuubjjpAgk="
    },
    "string-to-arraybuffer": {
      "version": "1.0.2",
      "resolved": "http://r.cnpmjs.org/string-to-arraybuffer/download/string-to-arraybuffer-1.0.2.tgz",
      "integrity": "sha1-FhFH+63qAuKLCTUALOxMQPHKfwo=",
      "requires": {
        "atob-lite": "^2.0.0",
        "is-base64": "^0.1.0"
      }
    }
  }
}
